
Microsoft Visual Studio Solution File, Format Version 12.00
# Visual Studio 2013
VisualStudioVersion = 12.0.21005.1
MinimumVisualStudioVersion = 10.0.40219.1
Project("{FAE04EC0-301F-11D3-BF4B-00C04F79EFBC}") = "7_Sınıflar", "7_Sınıflar\7_Sınıflar.csproj", "{C3B55EBF-9B37-4C3B-AA58-E461B347E292}"
EndProject
Project("{FAE04EC0-301F-11D3-BF4B-00C04F79EFBC}") = "ConsoleApplication", "ConsoleApplication\ConsoleApplication.csproj", "{1FF588EB-558C-4EBF-BE94-50F25A655A20}"
EndProject
Global
	GlobalSection(SolutionConfigurationPlatforms) = preSolution
		Debug|Any CPU = Debug|Any CPU
		Release|Any CPU = Release|Any CPU
	EndGlobalSection
	GlobalSection(ProjectConfigurationPlatforms) = postSolution
		{C3B55EBF-9B37-4C3B-AA58-E461B347E292}.Debug|Any CPU.ActiveCfg = Debug|Any CPU
		{C3B55EBF-9B37-4C3B-AA58-E461B347E292}.Debug|Any CPU.Build.0 = Debug|Any CPU
		{C3B55EBF-9B37-4C3B-AA58-E461B347E292}.Release|Any CPU.ActiveCfg = Release|Any CPU
		{C3B55EBF-9B37-4C3B-AA58-E461B347E292}.Release|Any CPU.Build.0 = Release|Any CPU
		{1FF588EB-558C-4EBF-BE94-50F25A655A20}.Debug|Any CPU.ActiveCfg = Debug|Any CPU
		{1FF588EB-558C-4EBF-BE94-50F25A655A20}.Debug|Any CPU.Build.0 = Debug|Any CPU
		{1FF588EB-558C-4EBF-BE94-50F25A655A20}.Release|Any CPU.ActiveCfg = Release|Any CPU
		{1FF588EB-558C-4EBF-BE94-50F25A655A20}.Release|Any CPU.Build.0 = Release|Any CPU
	EndGlobalSection
	GlobalSection(SolutionProperties) = preSolution
		HideSolutionNode = FALSE
	EndGlobalSection
EndGlobal
